GEM
  remote: https://rubygems.org/
  specs:
    rake (13.3.1)
    thor (1.4.0)

PLATFORMS
  arm64-darwin-23
  ruby

DEPENDENCIES
  rake
  thor

CHECKSUMS
  rake (13.3.1) sha256=8c9e89d09f66a26a01264e7e3480ec0607f0c497a861ef16063604b1b08eb19c
  thor (1.4.0) sha256=8763e822ccb0f1d7bee88cde131b19a65606657b847cc7b7b4b82e772bcd8a3d

RUBY VERSION
  ruby 3.4.4

BUNDLED WITH
  4.0.3
